
Microsoft Visual Studio Solution File, Format Version 12.00
# Visual Studio 15
VisualStudioVersion = 15.0.28307.757
MinimumVisualStudioVersion = 10.0.40219.1
Project("{FAE04EC0-301F-11D3-BF4B-00C04F79EFBC}") = "IterationDrill", "IterationDrill\IterationDrill.csproj", "{F43AEB67-B9E5-446A-98EE-7C2E9144F6F2}"
EndProject
Global
	GlobalSection(SolutionConfigurationPlatforms) = preSolution
		Debug|Any CPU = Debug|Any CPU
		Release|Any CPU = Release|Any CPU
	EndGlobalSection
	GlobalSection(ProjectConfigurationPlatforms) = postSolution
		{F43AEB67-B9E5-446A-98EE-7C2E9144F6F2}.Debug|Any CPU.ActiveCfg = Debug|Any CPU
		{F43AEB67-B9E5-446A-98EE-7C2E9144F6F2}.Debug|Any CPU.Build.0 = Debug|Any CPU
		{F43AEB67-B9E5-446A-98EE-7C2E9144F6F2}.Release|Any CPU.ActiveCfg = Release|Any CPU
		{F43AEB67-B9E5-446A-98EE-7C2E9144F6F2}.Release|Any CPU.Build.0 = Release|Any CPU
	EndGlobalSection
	GlobalSection(SolutionProperties) = preSolution
		HideSolutionNode = FALSE
	EndGlobalSection
	GlobalSection(ExtensibilityGlobals) = postSolution
		SolutionGuid = {E71B58FD-0EF7-4DC3-9739-5119644EF58C}
	EndGlobalSection
EndGlobal
