
Microsoft Visual Studio Solution File, Format Version 12.00
# Visual Studio 15
VisualStudioVersion = 15.0.28307.757
MinimumVisualStudioVersion = 10.0.40219.1
Project("{FAE04EC0-301F-11D3-BF4B-00C04F79EFBC}") = "ArraysAndListsDrill2", "ArraysAndListsDrill2\ArraysAndListsDrill2.csproj", "{64309D0F-6CA5-4D4F-97EB-274C9F474E7E}"
EndProject
Global
	GlobalSection(SolutionConfigurationPlatforms) = preSolution
		Debug|Any CPU = Debug|Any CPU
		Release|Any CPU = Release|Any CPU
	EndGlobalSection
	GlobalSection(ProjectConfigurationPlatforms) = postSolution
		{64309D0F-6CA5-4D4F-97EB-274C9F474E7E}.Debug|Any CPU.ActiveCfg = Debug|Any CPU
		{64309D0F-6CA5-4D4F-97EB-274C9F474E7E}.Debug|Any CPU.Build.0 = Debug|Any CPU
		{64309D0F-6CA5-4D4F-97EB-274C9F474E7E}.Release|Any CPU.ActiveCfg = Release|Any CPU
		{64309D0F-6CA5-4D4F-97EB-274C9F474E7E}.Release|Any CPU.Build.0 = Release|Any CPU
	EndGlobalSection
	GlobalSection(SolutionProperties) = preSolution
		HideSolutionNode = FALSE
	EndGlobalSection
	GlobalSection(ExtensibilityGlobals) = postSolution
		SolutionGuid = {D511265F-1F51-4691-8E38-C91AA1327860}
	EndGlobalSection
EndGlobal
