
Microsoft Visual Studio Solution File, Format Version 12.00
# Visual Studio 15
VisualStudioVersion = 15.0.28307.757
MinimumVisualStudioVersion = 10.0.40219.1
Project("{FAE04EC0-301F-11D3-BF4B-00C04F79EFBC}") = "EnumsDrill", "EnumsDrill\EnumsDrill.csproj", "{27B46259-6F5B-44A4-A4EC-F7F72617F084}"
EndProject
Global
	GlobalSection(SolutionConfigurationPlatforms) = preSolution
		Debug|Any CPU = Debug|Any CPU
		Release|Any CPU = Release|Any CPU
	EndGlobalSection
	GlobalSection(ProjectConfigurationPlatforms) = postSolution
		{27B46259-6F5B-44A4-A4EC-F7F72617F084}.Debug|Any CPU.ActiveCfg = Debug|Any CPU
		{27B46259-6F5B-44A4-A4EC-F7F72617F084}.Debug|Any CPU.Build.0 = Debug|Any CPU
		{27B46259-6F5B-44A4-A4EC-F7F72617F084}.Release|Any CPU.ActiveCfg = Release|Any CPU
		{27B46259-6F5B-44A4-A4EC-F7F72617F084}.Release|Any CPU.Build.0 = Release|Any CPU
	EndGlobalSection
	GlobalSection(SolutionProperties) = preSolution
		HideSolutionNode = FALSE
	EndGlobalSection
	GlobalSection(ExtensibilityGlobals) = postSolution
		SolutionGuid = {5205B3BE-212D-4FE5-816A-0EF800B003DC}
	EndGlobalSection
EndGlobal
