
Microsoft Visual Studio Solution File, Format Version 12.00
# Visual Studio 15
VisualStudioVersion = 15.0.28307.757
MinimumVisualStudioVersion = 10.0.40219.1
Project("{FAE04EC0-301F-11D3-BF4B-00C04F79EFBC}") = "AbstractClass", "AbstractClass\AbstractClass.csproj", "{E21BDD5A-46B8-4B18-BC4A-989A811D494D}"
EndProject
Global
	GlobalSection(SolutionConfigurationPlatforms) = preSolution
		Debug|Any CPU = Debug|Any CPU
		Release|Any CPU = Release|Any CPU
	EndGlobalSection
	GlobalSection(ProjectConfigurationPlatforms) = postSolution
		{E21BDD5A-46B8-4B18-BC4A-989A811D494D}.Debug|Any CPU.ActiveCfg = Debug|Any CPU
		{E21BDD5A-46B8-4B18-BC4A-989A811D494D}.Debug|Any CPU.Build.0 = Debug|Any CPU
		{E21BDD5A-46B8-4B18-BC4A-989A811D494D}.Release|Any CPU.ActiveCfg = Release|Any CPU
		{E21BDD5A-46B8-4B18-BC4A-989A811D494D}.Release|Any CPU.Build.0 = Release|Any CPU
	EndGlobalSection
	GlobalSection(SolutionProperties) = preSolution
		HideSolutionNode = FALSE
	EndGlobalSection
	GlobalSection(ExtensibilityGlobals) = postSolution
		SolutionGuid = {94F0DC6D-8D44-40D5-9CD3-17ECBA5C5987}
	EndGlobalSection
EndGlobal
